
Microsoft Visual Studio Solution File, Format Version 11.00
# Visual Studio 2010
Project("{FAE04EC0-301F-11D3-BF4B-00C04F79EFBC}") = "imgyazur", "imgyazur\imgyazur.csproj", "{16A167C7-3B38-46AB-80F7-09D3951C9FDF}"
EndProject
Project("{FAE04EC0-301F-11D3-BF4B-00C04F79EFBC}") = "FMUtils.KeyboardHook", "FMUtils.KeyboardHook\FMUtils.KeyboardHook.csproj", "{32C9D946-D68A-4BEC-9FFF-D978215A5E1D}"
EndProject
Project("{54435603-DBB4-11D2-8724-00A0C9A8B90C}") = "imgyazurWizard", "imgyazurWizard\imgyazurWizard.vdproj", "{697DC171-DB52-4B71-A54A-FF69029B7958}"
EndProject
Global
	GlobalSection(SolutionConfigurationPlatforms) = preSolution
		Debug|Any CPU = Debug|Any CPU
		Debug|x64 = Debug|x64
		Debug|x86 = Debug|x86
		Release|Any CPU = Release|Any CPU
		Release|x64 = Release|x64
		Release|x86 = Release|x86
	EndGlobalSection
	GlobalSection(ProjectConfigurationPlatforms) = postSolution
		{16A167C7-3B38-46AB-80F7-09D3951C9FDF}.Debug|Any CPU.ActiveCfg = Debug|x86
		{16A167C7-3B38-46AB-80F7-09D3951C9FDF}.Debug|x64.ActiveCfg = Debug|x86
		{16A167C7-3B38-46AB-80F7-09D3951C9FDF}.Debug|x86.ActiveCfg = Debug|x86
		{16A167C7-3B38-46AB-80F7-09D3951C9FDF}.Debug|x86.Build.0 = Debug|x86
		{16A167C7-3B38-46AB-80F7-09D3951C9FDF}.Release|Any CPU.ActiveCfg = Release|x86
		{16A167C7-3B38-46AB-80F7-09D3951C9FDF}.Release|x64.ActiveCfg = Release|x86
		{16A167C7-3B38-46AB-80F7-09D3951C9FDF}.Release|x86.ActiveCfg = Release|x86
		{16A167C7-3B38-46AB-80F7-09D3951C9FDF}.Release|x86.Build.0 = Release|x86
		{32C9D946-D68A-4BEC-9FFF-D978215A5E1D}.Debug|Any CPU.ActiveCfg = Debug|Any CPU
		{32C9D946-D68A-4BEC-9FFF-D978215A5E1D}.Debug|Any CPU.Build.0 = Debug|Any CPU
		{32C9D946-D68A-4BEC-9FFF-D978215A5E1D}.Debug|x64.ActiveCfg = Debug|x64
		{32C9D946-D68A-4BEC-9FFF-D978215A5E1D}.Debug|x64.Build.0 = Debug|x64
		{32C9D946-D68A-4BEC-9FFF-D978215A5E1D}.Debug|x86.ActiveCfg = Debug|x86
		{32C9D946-D68A-4BEC-9FFF-D978215A5E1D}.Debug|x86.Build.0 = Debug|x86
		{32C9D946-D68A-4BEC-9FFF-D978215A5E1D}.Release|Any CPU.ActiveCfg = Release|Any CPU
		{32C9D946-D68A-4BEC-9FFF-D978215A5E1D}.Release|Any CPU.Build.0 = Release|Any CPU
		{32C9D946-D68A-4BEC-9FFF-D978215A5E1D}.Release|x64.ActiveCfg = Release|x64
		{32C9D946-D68A-4BEC-9FFF-D978215A5E1D}.Release|x64.Build.0 = Release|x64
		{32C9D946-D68A-4BEC-9FFF-D978215A5E1D}.Release|x86.ActiveCfg = Release|x86
		{32C9D946-D68A-4BEC-9FFF-D978215A5E1D}.Release|x86.Build.0 = Release|x86
		{697DC171-DB52-4B71-A54A-FF69029B7958}.Debug|Any CPU.ActiveCfg = Debug
		{697DC171-DB52-4B71-A54A-FF69029B7958}.Debug|x64.ActiveCfg = Debug
		{697DC171-DB52-4B71-A54A-FF69029B7958}.Debug|x86.ActiveCfg = Debug
		{697DC171-DB52-4B71-A54A-FF69029B7958}.Release|Any CPU.ActiveCfg = Release
		{697DC171-DB52-4B71-A54A-FF69029B7958}.Release|x64.ActiveCfg = Release
		{697DC171-DB52-4B71-A54A-FF69029B7958}.Release|x86.ActiveCfg = Release
	EndGlobalSection
	GlobalSection(SolutionProperties) = preSolution
		HideSolutionNode = FALSE
	EndGlobalSection
EndGlobal
